// !$*UTF8*$!
{
	archiveVersion = 1;
	classes = {
	};
	objectVersion = 77;
	objects = {

/* Begin PBXContainerItemProxy section */
		1850EE622DFA5650005F8B08 /* PBXContainerItemProxy */ = {
			isa = PBXContainerItemProxy;
			containerPortal = 1850EE492DFA564E005F8B08 /* Project object */;
			proxyType = 1;
			remoteGlobalIDString = 1850EE502DFA564E005F8B08;
			remoteInfo = xscreenrecord;
		};
		1850EE6C2DFA5650005F8B08 /* PBXContainerItemProxy */ = {
			isa = PBXContainerItemProxy;
			containerPortal = 1850EE492DFA564E005F8B08 /* Project object */;
			proxyType = 1;
			remoteGlobalIDString = 1850EE502DFA564E005F8B08;
			remoteInfo = xscreenrecord;
		};
/* End PBXContainerItemProxy section */

/* Begin PBXFileReference section */
		1850EE512DFA564F005F8B08 /* xscreenrecord.app */ = {isa = PBXFileReference; explicitFileType = wrapper.application; includeInIndex = 0; path = xscreenrecord.app; sourceTree = BUILT_PRODUCTS_DIR; };
		1850EE612DFA5650005F8B08 /* xscreenrecordTests.xctest */ = {isa = PBXFileReference; explicitFileType = wrapper.cfbundle; includeInIndex = 0; path = xscreenrecordTests.xctest; sourceTree = BUILT_PRODUCTS_DIR; };
		1850EE6B2DFA5650005F8B08 /* xscreenrecordUITests.xctest */ = {isa = PBXFileReference; explicitFileType = wrapper.cfbundle; includeInIndex = 0; path = xscreenrecordUITests.xctest; sourceTree = BUILT_PRODUCTS_DIR; };
/* End PBXFileReference section */

/* Begin PBXFileSystemSynchronizedRootGroup section */
		1850EE532DFA564F005F8B08 /* xscreenrecord */ = {
			isa = PBXFileSystemSynchronizedRootGroup;
			path = xscreenrecord;
			sourceTree = "<group>";
		};
		1850EE642DFA5650005F8B08 /* xscreenrecordTests */ = {
			isa = PBXFileSystemSynchronizedRootGroup;
			path = xscreenrecordTests;
			sourceTree = "<group>";
		};
		1850EE6E2DFA5650005F8B08 /* xscreenrecordUITests */ = {
			isa = PBXFileSystemSynchronizedRootGroup;
			path = xscreenrecordUITests;
			sourceTree = "<group>";
		};
/* End PBXFileSystemSynchronizedRootGroup section */

/* Begin PBXFrameworksBuildPhase section */
		1850EE4E2DFA564E005F8B08 /* Frameworks */ = {
			isa = PBXFrameworksBuildPhase;
			buildActionMask = 2147483647;
			files = (
			);
			runOnlyForDeploymentPostprocessing = 0;
		};
		1850EE5E2DFA5650005F8B08 /* Frameworks */ = {
			isa = PBXFrameworksBuildPhase;
			buildActionMask = 2147483647;
			files = (
			);
			runOnlyForDeploymentPostprocessing = 0;
		};
		1850EE682DFA5650005F8B08 /* Frameworks */ = {
			isa = PBXFrameworksBuildPhase;
			buildActionMask = 2147483647;
			files = (
			);
			runOnlyForDeploymentPostprocessing = 0;
		};
/* End PBXFrameworksBuildPhase section */

/* Begin PBXGroup section */
		1850EE482DFA564E005F8B08 = {
			isa = PBXGroup;
			children = (
				1850EE532DFA564F005F8B08 /* xscreenrecord */,
				1850EE642DFA5650005F8B08 /* xscreenrecordTests */,
				1850EE6E2DFA5650005F8B08 /* xscreenrecordUITests */,
				1850EE522DFA564F005F8B08 /* Products */,
			);
			sourceTree = "<group>";
		};
		1850EE522DFA564F005F8B08 /* Products */ = {
			isa = PBXGroup;
			children = (
				1850EE512DFA564F005F8B08 /* xscreenrecord.app */,
				1850EE612DFA5650005F8B08 /* xscreenrecordTests.xctest */,
				1850EE6B2DFA5650005F8B08 /* xscreenrecordUITests.xctest */,
			);
			name = Products;
			sourceTree = "<group>";
		};
/* End PBXGroup section */

/* Begin PBXNativeTarget section */
		1850EE502DFA564E005F8B08 /* xscreenrecord */ = {
			isa = PBXNativeTarget;
			buildConfigurationList = 1850EE752DFA5650005F8B08 /* Build configuration list for PBXNativeTarget "xscreenrecord" */;
			buildPhases = (
				1850EE4D2DFA564E005F8B08 /* Sources */,
				1850EE4E2DFA564E005F8B08 /* Frameworks */,
				1850EE4F2DFA564E005F8B08 /* Resources */,
			);
			buildRules = (
			);
			dependencies = (
			);
			fileSystemSynchronizedGroups = (
				1850EE532DFA564F005F8B08 /* xscreenrecord */,
			);
			name = xscreenrecord;
			packageProductDependencies = (
			);
			productName = xscreenrecord;
			productReference = 1850EE512DFA564F005F8B08 /* xscreenrecord.app */;
			productType = "com.apple.product-type.application";
		};
		1850EE602DFA5650005F8B08 /* xscreenrecordTests */ = {
			isa = PBXNativeTarget;
			buildConfigurationList = 1850EE782DFA5650005F8B08 /* Build configuration list for PBXNativeTarget "xscreenrecordTests" */;
			buildPhases = (
				1850EE5D2DFA5650005F8B08 /* Sources */,
				1850EE5E2DFA5650005F8B08 /* Frameworks */,
				1850EE5F2DFA5650005F8B08 /* Resources */,
			);
			buildRules = (
			);
			dependencies = (
				1850EE632DFA5650005F8B08 /* PBXTargetDependency */,
			);
			fileSystemSynchronizedGroups = (
				1850EE642DFA5650005F8B08 /* xscreenrecordTests */,
			);
			name = xscreenrecordTests;
			packageProductDependencies = (
			);
			productName = xscreenrecordTests;
			productReference = 1850EE612DFA5650005F8B08 /* xscreenrecordTests.xctest */;
			productType = "com.apple.product-type.bundle.unit-test";
		};
		1850EE6A2DFA5650005F8B08 /* xscreenrecordUITests */ = {
			isa = PBXNativeTarget;
			buildConfigurationList = 1850EE7B2DFA5650005F8B08 /* Build configuration list for PBXNativeTarget "xscreenrecordUITests" */;
			buildPhases = (
				1850EE672DFA5650005F8B08 /* Sources */,
				1850EE682DFA5650005F8B08 /* Frameworks */,
				1850EE692DFA5650005F8B08 /* Resources */,
			);
			buildRules = (
			);
			dependencies = (
				1850EE6D2DFA5650005F8B08 /* PBXTargetDependency */,
			);
			fileSystemSynchronizedGroups = (
				1850EE6E2DFA5650005F8B08 /* xscreenrecordUITests */,
			);
			name = xscreenrecordUITests;
			packageProductDependencies = (
			);
			productName = xscreenrecordUITests;
			productReference = 1850EE6B2DFA5650005F8B08 /* xscreenrecordUITests.xctest */;
			productType = "com.apple.product-type.bundle.ui-testing";
		};
/* End PBXNativeTarget section */

/* Begin PBXProject section */
		1850EE492DFA564E005F8B08 /* Project object */ = {
			isa = PBXProject;
			attributes = {
				BuildIndependentTargetsInParallel = 1;
				LastSwiftUpdateCheck = 1620;
				LastUpgradeCheck = 1620;
				TargetAttributes = {
					1850EE502DFA564E005F8B08 = {
						CreatedOnToolsVersion = 16.2;
					};
					1850EE602DFA5650005F8B08 = {
						CreatedOnToolsVersion = 16.2;
						TestTargetID = 1850EE502DFA564E005F8B08;
					};
					1850EE6A2DFA5650005F8B08 = {
						CreatedOnToolsVersion = 16.2;
						TestTargetID = 1850EE502DFA564E005F8B08;
					};
				};
			};
			buildConfigurationList = 1850EE4C2DFA564E005F8B08 /* Build configuration list for PBXProject "xscreenrecord" */;
			developmentRegion = en;
			hasScannedForEncodings = 0;
			knownRegions = (
				en,
				Base,
			);
			mainGroup = 1850EE482DFA564E005F8B08;
			minimizedProjectReferenceProxies = 1;
			preferredProjectObjectVersion = 77;
			productRefGroup = 1850EE522DFA564F005F8B08 /* Products */;
			projectDirPath = "";
			projectRoot = "";
			targets = (
				1850EE502DFA564E005F8B08 /* xscreenrecord */,
				1850EE602DFA5650005F8B08 /* xscreenrecordTests */,
				1850EE6A2DFA5650005F8B08 /* xscreenrecordUITests */,
			);
		};
/* End PBXProject section */

/* Begin PBXResourcesBuildPhase section */
		1850EE4F2DFA564E005F8B08 /* Resources */ = {
			isa = PBXResourcesBuildPhase;
			buildActionMask = 2147483647;
			files = (
			);
			runOnlyForDeploymentPostprocessing = 0;
		};
		1850EE5F2DFA5650005F8B08 /* Resources */ = {
			isa = PBXResourcesBuildPhase;
			buildActionMask = 2147483647;
			files = (
			);
			runOnlyForDeploymentPostprocessing = 0;
		};
		1850EE692DFA5650005F8B08 /* Resources */ = {
			isa = PBXResourcesBuildPhase;
			buildActionMask = 2147483647;
			files = (
			);
			runOnlyForDeploymentPostprocessing = 0;
		};
/* End PBXResourcesBuildPhase section */

/* Begin PBXSourcesBuildPhase section */
		1850EE4D2DFA564E005F8B08 /* Sources */ = {
			isa = PBXSourcesBuildPhase;
			buildActionMask = 2147483647;
			files = (
			);
			runOnlyForDeploymentPostprocessing = 0;
		};
		1850EE5D2DFA5650005F8B08 /* Sources */ = {
			isa = PBXSourcesBuildPhase;
			buildActionMask = 2147483647;
			files = (
			);
			runOnlyForDeploymentPostprocessing = 0;
		};
		1850EE672DFA5650005F8B08 /* Sources */ = {
			isa = PBXSourcesBuildPhase;
			buildActionMask = 2147483647;
			files = (
			);
			runOnlyForDeploymentPostprocessing = 0;
		};
/* End PBXSourcesBuildPhase section */

/* Begin PBXTargetDependency section */
		1850EE632DFA5650005F8B08 /* PBXTargetDependency */ = {
			isa = PBXTargetDependency;
			target = 1850EE502DFA564E005F8B08 /* xscreenrecord */;
			targetProxy = 1850EE622DFA5650005F8B08 /* PBXContainerItemProxy */;
		};
		1850EE6D2DFA5650005F8B08 /* PBXTargetDependency */ = {
			isa = PBXTargetDependency;
			target = 1850EE502DFA564E005F8B08 /* xscreenrecord */;
			targetProxy = 1850EE6C2DFA5650005F8B08 /* PBXContainerItemProxy */;
		};
/* End PBXTargetDependency section */

/* Begin XCBuildConfiguration section */
		1850EE732DFA5650005F8B08 /* Debug */ = {
			isa = XCBuildConfiguration;
			buildSettings = {
				ALWAYS_SEARCH_USER_PATHS = NO;
				ASSETCATALOG_COMPILER_GENERATE_SWIFT_ASSET_SYMBOL_EXTENSIONS = YES;
				CLANG_ANALYZER_NONNULL = YES;
				CLANG_ANALYZER_NUMBER_OBJECT_CONVERSION = YES_AGGRESSIVE;
				CLANG_CXX_LANGUAGE_STANDARD = "gnu++20";
				CLANG_ENABLE_MODULES = YES;
				CLANG_ENABLE_OBJC_ARC = YES;
				CLANG_ENABLE_OBJC_WEAK = YES;
				CLANG_WARN_BLOCK_CAPTURE_AUTORELEASING = YES;
				CLANG_WARN_BOOL_CONVERSION = YES;
				CLANG_WARN_COMMA = YES;
				CLANG_WARN_CONSTANT_CONVERSION = YES;
				CLANG_WARN_DEPRECATED_OBJC_IMPLEMENTATIONS = YES;
				CLANG_WARN_DIRECT_OBJC_ISA_USAGE = YES_ERROR;
				CLANG_WARN_DOCUMENTATION_COMMENTS = YES;
				CLANG_WARN_EMPTY_BODY = YES;
				CLANG_WARN_ENUM_CONVERSION = YES;
				CLANG_WARN_INFINITE_RECURSION = YES;
				CLANG_WARN_INT_CONVERSION = YES;
				CLANG_WARN_NON_LITERAL_NULL_CONVERSION = YES;
				CLANG_WARN_OBJC_IMPLICIT_RETAIN_SELF = YES;
				CLANG_WARN_OBJC_LITERAL_CONVERSION = YES;
				CLANG_WARN_OBJC_ROOT_CLASS = YES_ERROR;
				CLANG_WARN_QUOTED_INCLUDE_IN_FRAMEWORK_HEADER = YES;
				CLANG_WARN_RANGE_LOOP_ANALYSIS = YES;
				CLANG_WARN_STRICT_PROTOTYPES = YES;
				CLANG_WARN_SUSPICIOUS_MOVE = YES;
				CLANG_WARN_UNGUARDED_AVAILABILITY = YES_AGGRESSIVE;
				CLANG_WARN_UNREACHABLE_CODE = YES;
				CLANG_WARN__DUPLICATE_METHOD_MATCH = YES;
				COPY_PHASE_STRIP = NO;
				DEBUG_INFORMATION_FORMAT = dwarf;
				ENABLE_STRICT_OBJC_MSGSEND = YES;
				ENABLE_TESTABILITY = YES;
				ENABLE_USER_SCRIPT_SANDBOXING = YES;
				GCC_C_LANGUAGE_STANDARD = gnu17;
				GCC_DYNAMIC_NO_PIC = NO;
				GCC_NO_COMMON_BLOCKS = YES;
				GCC_OPTIMIZATION_LEVEL = 0;
				GCC_PREPROCESSOR_DEFINITIONS = (
					"DEBUG=1",
					"$(inherited)",
				);
				GCC_WARN_64_TO_32_BIT_CONVERSION = YES;
				GCC_WARN_ABOUT_RETURN_TYPE = YES_ERROR;
				GCC_WARN_UNDECLARED_SELECTOR = YES;
				GCC_WARN_UNINITIALIZED_AUTOS = YES_AGGRESSIVE;
				GCC_WARN_UNUSED_FUNCTION = YES;
				GCC_WARN_UNUSED_VARIABLE = YES;
				IPHONEOS_DEPLOYMENT_TARGET = 18.2;
				LOCALIZATION_PREFERS_STRING_CATALOGS = YES;
				MTL_ENABLE_DEBUG_INFO = INCLUDE_SOURCE;
				MTL_FAST_MATH = YES;
				ONLY_ACTIVE_ARCH = YES;
				SDKROOT = iphoneos;
				SWIFT_ACTIVE_COMPILATION_CONDITIONS = "DEBUG $(inherited)";
				SWIFT_OPTIMIZATION_LEVEL = "-Onone";
			};
			name = Debug;
		};
		1850EE742DFA5650005F8B08 /* Release */ = {
			isa = XCBuildConfiguration;
			buildSettings = {
				ALWAYS_SEARCH_USER_PATHS = NO;
				ASSETCATALOG_COMPILER_GENERATE_SWIFT_ASSET_SYMBOL_EXTENSIONS = YES;
				CLANG_ANALYZER_NONNULL = YES;
				CLANG_ANALYZER_NUMBER_OBJECT_CONVERSION = YES_AGGRESSIVE;
				CLANG_CXX_LANGUAGE_STANDARD = "gnu++20";
				CLANG_ENABLE_MODULES = YES;
				CLANG_ENABLE_OBJC_ARC = YES;
				CLANG_ENABLE_OBJC_WEAK = YES;
				CLANG_WARN_BLOCK_CAPTURE_AUTORELEASING = YES;
				CLANG_WARN_BOOL_CONVERSION = YES;
				CLANG_WARN_COMMA = YES;
				CLANG_WARN_CONSTANT_CONVERSION = YES;
				CLANG_WARN_DEPRECATED_OBJC_IMPLEMENTATIONS = YES;
				CLANG_WARN_DIRECT_OBJC_ISA_USAGE = YES_ERROR;
				CLANG_WARN_DOCUMENTATION_COMMENTS = YES;
				CLANG_WARN_EMPTY_BODY = YES;
				CLANG_WARN_ENUM_CONVERSION = YES;
				CLANG_WARN_INFINITE_RECURSION = YES;
				CLANG_WARN_INT_CONVERSION = YES;
				CLANG_WARN_NON_LITERAL_NULL_CONVERSION = YES;
				CLANG_WARN_OBJC_IMPLICIT_RETAIN_SELF = YES;
				CLANG_WARN_OBJC_LITERAL_CONVERSION = YES;
				CLANG_WARN_OBJC_ROOT_CLASS = YES_ERROR;
				CLANG_WARN_QUOTED_INCLUDE_IN_FRAMEWORK_HEADER = YES;
				CLANG_WARN_RANGE_LOOP_ANALYSIS = YES;
				CLANG_WARN_STRICT_PROTOTYPES = YES;
				CLANG_WARN_SUSPICIOUS_MOVE = YES;
				CLANG_WARN_UNGUARDED_AVAILABILITY = YES_AGGRESSIVE;
				CLANG_WARN_UNREACHABLE_CODE = YES;
				CLANG_WARN__DUPLICATE_METHOD_MATCH = YES;
				COPY_PHASE_STRIP = NO;
				DEBUG_INFORMATION_FORMAT = "dwarf-with-dsym";
				ENABLE_NS_ASSERTIONS = NO;
				ENABLE_STRICT_OBJC_MSGSEND = YES;
				ENABLE_USER_SCRIPT_SANDBOXING = YES;
				GCC_C_LANGUAGE_STANDARD = gnu17;
				GCC_NO_COMMON_BLOCKS = YES;
				GCC_WARN_64_TO_32_BIT_CONVERSION = YES;
				GCC_WARN_ABOUT_RETURN_TYPE = YES_ERROR;
				GCC_WARN_UNDECLARED_SELECTOR = YES;
				GCC_WARN_UNINITIALIZED_AUTOS = YES_AGGRESSIVE;
				GCC_WARN_UNUSED_FUNCTION = YES;
				GCC_WARN_UNUSED_VARIABLE = YES;
				IPHONEOS_DEPLOYMENT_TARGET = 18.2;
				LOCALIZATION_PREFERS_STRING_CATALOGS = YES;
				MTL_ENABLE_DEBUG_INFO = NO;
				MTL_FAST_MATH = YES;
				SDKROOT = iphoneos;
				SWIFT_COMPILATION_MODE = wholemodule;
				VALIDATE_PRODUCT = YES;
			};
			name = Release;
		};
		1850EE762DFA5650005F8B08 /* Debug */ = {
			isa = XCBuildConfiguration;
			buildSettings = {
				ASSETCATALOG_COMPILER_APPICON_NAME = AppIcon;
				ASSETCATALOG_COMPILER_GLOBAL_ACCENT_COLOR_NAME = AccentColor;
				CODE_SIGN_STYLE = Automatic;
				CURRENT_PROJECT_VERSION = 1;
				DEVELOPMENT_ASSET_PATHS = "\"xscreenrecord/Preview Content\"";
				DEVELOPMENT_TEAM = GN2629KKYX;
				ENABLE_PREVIEWS = YES;
				GENERATE_INFOPLIST_FILE = YES;
				INFOPLIST_KEY_UIApplicationSceneManifest_Generation = YES;
				INFOPLIST_KEY_UIApplicationSupportsIndirectInputEvents = YES;
				INFOPLIST_KEY_UILaunchScreen_Generation = YES;
				INFOPLIST_KEY_UISupportedInterfaceOrientations_iPad = "UIInterfaceOrientationPortrait UIInterfaceOrientationPortraitUpsideDown UIInterfaceOrientationLandscapeLeft UIInterfaceOrientationLandscapeRight";
				INFOPLIST_KEY_UISupportedInterfaceOrientations_iPhone = "UIInterfaceOrientationPortrait UIInterfaceOrientationLandscapeLeft UIInterfaceOrientationLandscapeRight";
				LD_RUNPATH_SEARCH_PATHS = (
					"$(inherited)",
					"@executable_path/Frameworks",
				);
				MARKETING_VERSION = 1.0;
				PRODUCT_BUNDLE_IDENTIFIER = com.njzfit.xscreenrecord;
				PRODUCT_NAME = "$(TARGET_NAME)";
				SWIFT_EMIT_LOC_STRINGS = YES;
				SWIFT_VERSION = 5.0;
				TARGETED_DEVICE_FAMILY = "1,2";
			};
			name = Debug;
		};
		1850EE772DFA5650005F8B08 /* Release */ = {
			isa = XCBuildConfiguration;
			buildSettings = {
				ASSETCATALOG_COMPILER_APPICON_NAME = AppIcon;
				ASSETCATALOG_COMPILER_GLOBAL_ACCENT_COLOR_NAME = AccentColor;
				CODE_SIGN_STYLE = Automatic;
				CURRENT_PROJECT_VERSION = 1;
				DEVELOPMENT_ASSET_PATHS = "\"xscreenrecord/Preview Content\"";
				DEVELOPMENT_TEAM = GN2629KKYX;
				ENABLE_PREVIEWS = YES;
				GENERATE_INFOPLIST_FILE = YES;
				INFOPLIST_KEY_UIApplicationSceneManifest_Generation = YES;
				INFOPLIST_KEY_UIApplicationSupportsIndirectInputEvents = YES;
				INFOPLIST_KEY_UILaunchScreen_Generation = YES;
				INFOPLIST_KEY_UISupportedInterfaceOrientations_iPad = "UIInterfaceOrientationPortrait UIInterfaceOrientationPortraitUpsideDown UIInterfaceOrientationLandscapeLeft UIInterfaceOrientationLandscapeRight";
				INFOPLIST_KEY_UISupportedInterfaceOrientations_iPhone = "UIInterfaceOrientationPortrait UIInterfaceOrientationLandscapeLeft UIInterfaceOrientationLandscapeRight";
				LD_RUNPATH_SEARCH_PATHS = (
					"$(inherited)",
					"@executable_path/Frameworks",
				);
				MARKETING_VERSION = 1.0;
				PRODUCT_BUNDLE_IDENTIFIER = com.njzfit.xscreenrecord;
				PRODUCT_NAME = "$(TARGET_NAME)";
				SWIFT_EMIT_LOC_STRINGS = YES;
				SWIFT_VERSION = 5.0;
				TARGETED_DEVICE_FAMILY = "1,2";
			};
			name = Release;
		};
		1850EE792DFA5650005F8B08 /* Debug */ = {
			isa = XCBuildConfiguration;
			buildSettings = {
				BUNDLE_LOADER = "$(TEST_HOST)";
				CODE_SIGN_STYLE = Automatic;
				CURRENT_PROJECT_VERSION = 1;
				DEVELOPMENT_TEAM = GN2629KKYX;
				GENERATE_INFOPLIST_FILE = YES;
				IPHONEOS_DEPLOYMENT_TARGET = 18.2;
				MARKETING_VERSION = 1.0;
				PRODUCT_BUNDLE_IDENTIFIER = com.njzfit.xscreenrecordTests;
				PRODUCT_NAME = "$(TARGET_NAME)";
				SWIFT_EMIT_LOC_STRINGS = NO;
				SWIFT_VERSION = 5.0;
				TARGETED_DEVICE_FAMILY = "1,2";
				TEST_HOST = "$(BUILT_PRODUCTS_DIR)/xscreenrecord.app/$(BUNDLE_EXECUTABLE_FOLDER_PATH)/xscreenrecord";
			};
			name = Debug;
		};
		1850EE7A2DFA5650005F8B08 /* Release */ = {
			isa = XCBuildConfiguration;
			buildSettings = {
				BUNDLE_LOADER = "$(TEST_HOST)";
				CODE_SIGN_STYLE = Automatic;
				CURRENT_PROJECT_VERSION = 1;
				DEVELOPMENT_TEAM = GN2629KKYX;
				GENERATE_INFOPLIST_FILE = YES;
				IPHONEOS_DEPLOYMENT_TARGET = 18.2;
				MARKETING_VERSION = 1.0;
				PRODUCT_BUNDLE_IDENTIFIER = com.njzfit.xscreenrecordTests;
				PRODUCT_NAME = "$(TARGET_NAME)";
				SWIFT_EMIT_LOC_STRINGS = NO;
				SWIFT_VERSION = 5.0;
				TARGETED_DEVICE_FAMILY = "1,2";
				TEST_HOST = "$(BUILT_PRODUCTS_DIR)/xscreenrecord.app/$(BUNDLE_EXECUTABLE_FOLDER_PATH)/xscreenrecord";
			};
			name = Release;
		};
		1850EE7C2DFA5650005F8B08 /* Debug */ = {
			isa = XCBuildConfiguration;
			buildSettings = {
				CODE_SIGN_STYLE = Automatic;
				CURRENT_PROJECT_VERSION = 1;
				DEVELOPMENT_TEAM = GN2629KKYX;
				GENERATE_INFOPLIST_FILE = YES;
				MARKETING_VERSION = 1.0;
				PRODUCT_BUNDLE_IDENTIFIER = com.njzfit.xscreenrecordUITests;
				PRODUCT_NAME = "$(TARGET_NAME)";
				SWIFT_EMIT_LOC_STRINGS = NO;
				SWIFT_VERSION = 5.0;
				TARGETED_DEVICE_FAMILY = "1,2";
				TEST_TARGET_NAME = xscreenrecord;
			};
			name = Debug;
		};
		1850EE7D2DFA5650005F8B08 /* Release */ = {
			isa = XCBuildConfiguration;
			buildSettings = {
				CODE_SIGN_STYLE = Automatic;
				CURRENT_PROJECT_VERSION = 1;
				DEVELOPMENT_TEAM = GN2629KKYX;
				GENERATE_INFOPLIST_FILE = YES;
				MARKETING_VERSION = 1.0;
				PRODUCT_BUNDLE_IDENTIFIER = com.njzfit.xscreenrecordUITests;
				PRODUCT_NAME = "$(TARGET_NAME)";
				SWIFT_EMIT_LOC_STRINGS = NO;
				SWIFT_VERSION = 5.0;
				TARGETED_DEVICE_FAMILY = "1,2";
				TEST_TARGET_NAME = xscreenrecord;
			};
			name = Release;
		};
/* End XCBuildConfiguration section */

/* Begin XCConfigurationList section */
		1850EE4C2DFA564E005F8B08 /* Build configuration list for PBXProject "xscreenrecord" */ = {
			isa = XCConfigurationList;
			buildConfigurations = (
				1850EE732DFA5650005F8B08 /* Debug */,
				1850EE742DFA5650005F8B08 /* Release */,
			);
			defaultConfigurationIsVisible = 0;
			defaultConfigurationName = Release;
		};
		1850EE752DFA5650005F8B08 /* Build configuration list for PBXNativeTarget "xscreenrecord" */ = {
			isa = XCConfigurationList;
			buildConfigurations = (
				1850EE762DFA5650005F8B08 /* Debug */,
				1850EE772DFA5650005F8B08 /* Release */,
			);
			defaultConfigurationIsVisible = 0;
			defaultConfigurationName = Release;
		};
		1850EE782DFA5650005F8B08 /* Build configuration list for PBXNativeTarget "xscreenrecordTests" */ = {
			isa = XCConfigurationList;
			buildConfigurations = (
				1850EE792DFA5650005F8B08 /* Debug */,
				1850EE7A2DFA5650005F8B08 /* Release */,
			);
			defaultConfigurationIsVisible = 0;
			defaultConfigurationName = Release;
		};
		1850EE7B2DFA5650005F8B08 /* Build configuration list for PBXNativeTarget "xscreenrecordUITests" */ = {
			isa = XCConfigurationList;
			buildConfigurations = (
				1850EE7C2DFA5650005F8B08 /* Debug */,
				1850EE7D2DFA5650005F8B08 /* Release */,
			);
			defaultConfigurationIsVisible = 0;
			defaultConfigurationName = Release;
		};
/* End XCConfigurationList section */
	};
	rootObject = 1850EE492DFA564E005F8B08 /* Project object */;
}
